
Microsoft Visual Studio Solution File, Format Version 12.00
# Visual Studio Version 16
VisualStudioVersion = 16.0.31613.86
MinimumVisualStudioVersion = 10.0.40219.1
Project("{FAE04EC0-301F-11D3-BF4B-00C04F79EFBC}") = "FirstWCFService_005", "ServiceMtk-P1-20190140005\FirstWCFService_005.csproj", "{718B09A5-398C-4D92-BADD-C3B91C5D4B6F}"
EndProject
Global
	GlobalSection(SolutionConfigurationPlatforms) = preSolution
		Debug|Any CPU = Debug|Any CPU
		Release|Any CPU = Release|Any CPU
	EndGlobalSection
	GlobalSection(ProjectConfigurationPlatforms) = postSolution
		{718B09A5-398C-4D92-BADD-C3B91C5D4B6F}.Debug|Any CPU.ActiveCfg = Debug|Any CPU
		{718B09A5-398C-4D92-BADD-C3B91C5D4B6F}.Debug|Any CPU.Build.0 = Debug|Any CPU
		{718B09A5-398C-4D92-BADD-C3B91C5D4B6F}.Release|Any CPU.ActiveCfg = Release|Any CPU
		{718B09A5-398C-4D92-BADD-C3B91C5D4B6F}.Release|Any CPU.Build.0 = Release|Any CPU
	EndGlobalSection
	GlobalSection(SolutionProperties) = preSolution
		HideSolutionNode = FALSE
	EndGlobalSection
	GlobalSection(ExtensibilityGlobals) = postSolution
		SolutionGuid = {799CFE3A-71E8-47C6-B49C-97626E02E97B}
	EndGlobalSection
EndGlobal
